// !$*UTF8*$!
{
	archiveVersion = 1;
	classes = {
	};
	objectVersion = 46;
	objects = {

/* Begin PBXBuildFile section */
		64A822531C8C318D00E1BA0F /* AppDelegate.swift in Sources */ = {isa = PBXBuildFile; fileRef = 64A822521C8C318D00E1BA0F /* AppDelegate.swift */; };
		64A822551C8C318D00E1BA0F /* ViewController.swift in Sources */ = {isa = PBXBuildFile; fileRef = 64A822541C8C318D00E1BA0F /* ViewController.swift */; };
		64A822581C8C318D00E1BA0F /* Main.storyboard in Resources */ = {isa = PBXBuildFile; fileRef = 64A822561C8C318D00E1BA0F /* Main.storyboard */; };
		64A8225B1C8C318D00E1BA0F /* ReactivePictures.xcdatamodeld in Sources */ = {isa = PBXBuildFile; fileRef = 64A822591C8C318D00E1BA0F /* ReactivePictures.xcdatamodeld */; };
		64A8225D1C8C318D00E1BA0F /* Assets.xcassets in Resources */ = {isa = PBXBuildFile; fileRef = 64A8225C1C8C318D00E1BA0F /* Assets.xcassets */; };
		64A822601C8C318D00E1BA0F /* LaunchScreen.storyboard in Resources */ = {isa = PBXBuildFile; fileRef = 64A8225E1C8C318D00E1BA0F /* LaunchScreen.storyboard */; };
		64A8226B1C8C318D00E1BA0F /* ReactivePicturesTests.swift in Sources */ = {isa = PBXBuildFile; fileRef = 64A8226A1C8C318D00E1BA0F /* ReactivePicturesTests.swift */; };
		8AC885C40330135B92E0EB2B /* Pods_ReactivePictures.framework in Frameworks */ = {isa = PBXBuildFile; fileRef = BC6DAE3B20018C10E2AEBE4D /* Pods_ReactivePictures.framework */; };
/* End PBXBuildFile section */

/* Begin PBXContainerItemProxy section */
		64A822671C8C318D00E1BA0F /* PBXContainerItemProxy */ = {
			isa = PBXContainerItemProxy;
			containerPortal = 64A822471C8C318D00E1BA0F /* Project object */;
			proxyType = 1;
			remoteGlobalIDString = 64A8224E1C8C318D00E1BA0F;
			remoteInfo = ReactivePictures;
		};
/* End PBXContainerItemProxy section */

/* Begin PBXFileReference section */
		64A8224F1C8C318D00E1BA0F /* ReactivePictures.app */ = {isa = PBXFileReference; explicitFileType = wrapper.application; includeInIndex = 0; path = ReactivePictures.app; sourceTree = BUILT_PRODUCTS_DIR; };
		64A822521C8C318D00E1BA0F /* AppDelegate.swift */ = {isa = PBXFileReference; lastKnownFileType = sourcecode.swift; path = AppDelegate.swift; sourceTree = "<group>"; };
		64A822541C8C318D00E1BA0F /* ViewController.swift */ = {isa = PBXFileReference; lastKnownFileType = sourcecode.swift; path = ViewController.swift; sourceTree = "<group>"; };
		64A822571C8C318D00E1BA0F /* Base */ = {isa = PBXFileReference; lastKnownFileType = file.storyboard; name = Base; path = Base.lproj/Main.storyboard; sourceTree = "<group>"; };
		64A8225A1C8C318D00E1BA0F /* ReactivePictures.xcdatamodel */ = {isa = PBXFileReference; lastKnownFileType = wrapper.xcdatamodel; path = ReactivePictures.xcdatamodel; sourceTree = "<group>"; };
		64A8225C1C8C318D00E1BA0F /* Assets.xcassets */ = {isa = PBXFileReference; lastKnownFileType = folder.assetcatalog; path = Assets.xcassets; sourceTree = "<group>"; };
		64A8225F1C8C318D00E1BA0F /* Base */ = {isa = PBXFileReference; lastKnownFileType = file.storyboard; name = Base; path = Base.lproj/LaunchScreen.storyboard; sourceTree = "<group>"; };
		64A822611C8C318D00E1BA0F /* Info.plist */ = {isa = PBXFileReference; lastKnownFileType = text.plist.xml; path = Info.plist; sourceTree = "<group>"; };
		64A822661C8C318D00E1BA0F /* ReactivePicturesTests.xctest */ = {isa = PBXFileReference; explicitFileType = wrapper.cfbundle; includeInIndex = 0; path = ReactivePicturesTests.xctest; sourceTree = BUILT_PRODUCTS_DIR; };
		64A8226A1C8C318D00E1BA0F /* ReactivePicturesTests.swift */ = {isa = PBXFileReference; lastKnownFileType = sourcecode.swift; path = ReactivePicturesTests.swift; sourceTree = "<group>"; };
		64A8226C1C8C318D00E1BA0F /* Info.plist */ = {isa = PBXFileReference; lastKnownFileType = text.plist.xml; path = Info.plist; sourceTree = "<group>"; };
		BC6DAE3B20018C10E2AEBE4D /* Pods_ReactivePictures.framework */ = {isa = PBXFileReference; explicitFileType = wrapper.framework; includeInIndex = 0; path = Pods_ReactivePictures.framework; sourceTree = BUILT_PRODUCTS_DIR; };
		CCB0749EA5BD326CF8A8A4B8 /* Pods-ReactivePictures.release.xcconfig */ = {isa = PBXFileReference; includeInIndex = 1; lastKnownFileType = text.xcconfig; name = "Pods-ReactivePictures.release.xcconfig"; path = "Pods/Target Support Files/Pods-ReactivePictures/Pods-ReactivePictures.release.xcconfig"; sourceTree = "<group>"; };
		FB563EE051234E8757E8926F /* Pods-ReactivePictures.debug.xcconfig */ = {isa = PBXFileReference; includeInIndex = 1; lastKnownFileType = text.xcconfig; name = "Pods-ReactivePictures.debug.xcconfig"; path = "Pods/Target Support Files/Pods-ReactivePictures/Pods-ReactivePictures.debug.xcconfig"; sourceTree = "<group>"; };
/* End PBXFileReference section */

/* Begin PBXFrameworksBuildPhase section */
		64A8224C1C8C318D00E1BA0F /* Frameworks */ = {
			isa = PBXFrameworksBuildPhase;
			buildActionMask = 2147483647;
			files = (
				8AC885C40330135B92E0EB2B /* Pods_ReactivePictures.framework in Frameworks */,
			);
			runOnlyForDeploymentPostprocessing = 0;
		};
		64A822631C8C318D00E1BA0F /* Frameworks */ = {
			isa = PBXFrameworksBuildPhase;
			buildActionMask = 2147483647;
			files = (
			);
			runOnlyForDeploymentPostprocessing = 0;
		};
/* End PBXFrameworksBuildPhase section */

/* Begin PBXGroup section */
		432DCA6D0623E7B9DBA90F46 /* Frameworks */ = {
			isa = PBXGroup;
			children = (
				BC6DAE3B20018C10E2AEBE4D /* Pods_ReactivePictures.framework */,
			);
			name = Frameworks;
			sourceTree = "<group>";
		};
		48C005BACC162D5592FCF549 /* Pods */ = {
			isa = PBXGroup;
			children = (
				FB563EE051234E8757E8926F /* Pods-ReactivePictures.debug.xcconfig */,
				CCB0749EA5BD326CF8A8A4B8 /* Pods-ReactivePictures.release.xcconfig */,
			);
			name = Pods;
			sourceTree = "<group>";
		};
		64A822461C8C318D00E1BA0F = {
			isa = PBXGroup;
			children = (
				64A822511C8C318D00E1BA0F /* ReactivePictures */,
				64A822691C8C318D00E1BA0F /* ReactivePicturesTests */,
				64A822501C8C318D00E1BA0F /* Products */,
				48C005BACC162D5592FCF549 /* Pods */,
				432DCA6D0623E7B9DBA90F46 /* Frameworks */,
			);
			sourceTree = "<group>";
		};
		64A822501C8C318D00E1BA0F /* Products */ = {
			isa = PBXGroup;
			children = (
				64A8224F1C8C318D00E1BA0F /* ReactivePictures.app */,
				64A822661C8C318D00E1BA0F /* ReactivePicturesTests.xctest */,
			);
			name = Products;
			sourceTree = "<group>";
		};
		64A822511C8C318D00E1BA0F /* ReactivePictures */ = {
			isa = PBXGroup;
			children = (
				64A822521C8C318D00E1BA0F /* AppDelegate.swift */,
				64A822541C8C318D00E1BA0F /* ViewController.swift */,
				64A822561C8C318D00E1BA0F /* Main.storyboard */,
				64A8225C1C8C318D00E1BA0F /* Assets.xcassets */,
				64A8225E1C8C318D00E1BA0F /* LaunchScreen.storyboard */,
				64A822611C8C318D00E1BA0F /* Info.plist */,
				64A822591C8C318D00E1BA0F /* ReactivePictures.xcdatamodeld */,
			);
			path = ReactivePictures;
			sourceTree = "<group>";
		};
		64A822691C8C318D00E1BA0F /* ReactivePicturesTests */ = {
			isa = PBXGroup;
			children = (
				64A8226A1C8C318D00E1BA0F /* ReactivePicturesTests.swift */,
				64A8226C1C8C318D00E1BA0F /* Info.plist */,
			);
			path = ReactivePicturesTests;
			sourceTree = "<group>";
		};
/* End PBXGroup section */

/* Begin PBXNativeTarget section */
		64A8224E1C8C318D00E1BA0F /* ReactivePictures */ = {
			isa = PBXNativeTarget;
			buildConfigurationList = 64A8226F1C8C318D00E1BA0F /* Build configuration list for PBXNativeTarget "ReactivePictures" */;
			buildPhases = (
				FB8E528E2CBA907E7BAC8DA4 /* Check Pods Manifest.lock */,
				64A8224B1C8C318D00E1BA0F /* Sources */,
				64A8224C1C8C318D00E1BA0F /* Frameworks */,
				64A8224D1C8C318D00E1BA0F /* Resources */,
				ADA68C4DA0BA4B84D5A64DCD /* Embed Pods Frameworks */,
				F5E74049ABC69BF2253747BA /* Copy Pods Resources */,
			);
			buildRules = (
			);
			dependencies = (
			);
			name = ReactivePictures;
			productName = ReactivePictures;
			productReference = 64A8224F1C8C318D00E1BA0F /* ReactivePictures.app */;
			productType = "com.apple.product-type.application";
		};
		64A822651C8C318D00E1BA0F /* ReactivePicturesTests */ = {
			isa = PBXNativeTarget;
			buildConfigurationList = 64A822721C8C318D00E1BA0F /* Build configuration list for PBXNativeTarget "ReactivePicturesTests" */;
			buildPhases = (
				64A822621C8C318D00E1BA0F /* Sources */,
				64A822631C8C318D00E1BA0F /* Frameworks */,
				64A822641C8C318D00E1BA0F /* Resources */,
			);
			buildRules = (
			);
			dependencies = (
				64A822681C8C318D00E1BA0F /* PBXTargetDependency */,
			);
			name = ReactivePicturesTests;
			productName = ReactivePicturesTests;
			productReference = 64A822661C8C318D00E1BA0F /* ReactivePicturesTests.xctest */;
			productType = "com.apple.product-type.bundle.unit-test";
		};
/* End PBXNativeTarget section */

/* Begin PBXProject section */
		64A822471C8C318D00E1BA0F /* Project object */ = {
			isa = PBXProject;
			attributes = {
				LastSwiftUpdateCheck = 0720;
				LastUpgradeCheck = 0720;
				ORGANIZATIONNAME = complexityclass;
				TargetAttributes = {
					64A8224E1C8C318D00E1BA0F = {
						CreatedOnToolsVersion = 7.2.1;
					};
					64A822651C8C318D00E1BA0F = {
						CreatedOnToolsVersion = 7.2.1;
						TestTargetID = 64A8224E1C8C318D00E1BA0F;
					};
				};
			};
			buildConfigurationList = 64A8224A1C8C318D00E1BA0F /* Build configuration list for PBXProject "ReactivePictures" */;
			compatibilityVersion = "Xcode 3.2";
			developmentRegion = English;
			hasScannedForEncodings = 0;
			knownRegions = (
				en,
				Base,
			);
			mainGroup = 64A822461C8C318D00E1BA0F;
			productRefGroup = 64A822501C8C318D00E1BA0F /* Products */;
			projectDirPath = "";
			projectRoot = "";
			targets = (
				64A8224E1C8C318D00E1BA0F /* ReactivePictures */,
				64A822651C8C318D00E1BA0F /* ReactivePicturesTests */,
			);
		};
/* End PBXProject section */

/* Begin PBXResourcesBuildPhase section */
		64A8224D1C8C318D00E1BA0F /* Resources */ = {
			isa = PBXResourcesBuildPhase;
			buildActionMask = 2147483647;
			files = (
				64A822601C8C318D00E1BA0F /* LaunchScreen.storyboard in Resources */,
				64A8225D1C8C318D00E1BA0F /* Assets.xcassets in Resources */,
				64A822581C8C318D00E1BA0F /* Main.storyboard in Resources */,
			);
			runOnlyForDeploymentPostprocessing = 0;
		};
		64A822641C8C318D00E1BA0F /* Resources */ = {
			isa = PBXResourcesBuildPhase;
			buildActionMask = 2147483647;
			files = (
			);
			runOnlyForDeploymentPostprocessing = 0;
		};
/* End PBXResourcesBuildPhase section */

/* Begin PBXShellScriptBuildPhase section */
		ADA68C4DA0BA4B84D5A64DCD /* Embed Pods Frameworks */ = {
			isa = PBXShellScriptBuildPhase;
			buildActionMask = 2147483647;
			files = (
			);
			inputPaths = (
			);
			name = "Embed Pods Frameworks";
			outputPaths = (
			);
			runOnlyForDeploymentPostprocessing = 0;
			shellPath = /bin/sh;
			shellScript = "\"${SRCROOT}/Pods/Target Support Files/Pods-ReactivePictures/Pods-ReactivePictures-frameworks.sh\"\n";
			showEnvVarsInLog = 0;
		};
		F5E74049ABC69BF2253747BA /* Copy Pods Resources */ = {
			isa = PBXShellScriptBuildPhase;
			buildActionMask = 2147483647;
			files = (
			);
			inputPaths = (
			);
			name = "Copy Pods Resources";
			outputPaths = (
			);
			runOnlyForDeploymentPostprocessing = 0;
			shellPath = /bin/sh;
			shellScript = "\"${SRCROOT}/Pods/Target Support Files/Pods-ReactivePictures/Pods-ReactivePictures-resources.sh\"\n";
			showEnvVarsInLog = 0;
		};
		FB8E528E2CBA907E7BAC8DA4 /* Check Pods Manifest.lock */ = {
			isa = PBXShellScriptBuildPhase;
			buildActionMask = 2147483647;
			files = (
			);
			inputPaths = (
			);
			name = "Check Pods Manifest.lock";
			outputPaths = (
			);
			runOnlyForDeploymentPostprocessing = 0;
			shellPath = /bin/sh;
			shellScript = "diff \"${PODS_ROOT}/../Podfile.lock\" \"${PODS_ROOT}/Manifest.lock\" > /dev/null\nif [[ $? != 0 ]] ; then\n    cat << EOM\nerror: The sandbox is not in sync with the Podfile.lock. Run 'pod install' or update your CocoaPods installation.\nEOM\n    exit 1\nfi\n";
			showEnvVarsInLog = 0;
		};
/* End PBXShellScriptBuildPhase section */

/* Begin PBXSourcesBuildPhase section */
		64A8224B1C8C318D00E1BA0F /* Sources */ = {
			isa = PBXSourcesBuildPhase;
			buildActionMask = 2147483647;
			files = (
				64A822551C8C318D00E1BA0F /* ViewController.swift in Sources */,
				64A822531C8C318D00E1BA0F /* AppDelegate.swift in Sources */,
				64A8225B1C8C318D00E1BA0F /* ReactivePictures.xcdatamodeld in Sources */,
			);
			runOnlyForDeploymentPostprocessing = 0;
		};
		64A822621C8C318D00E1BA0F /* Sources */ = {
			isa = PBXSourcesBuildPhase;
			buildActionMask = 2147483647;
			files = (
				64A8226B1C8C318D00E1BA0F /* ReactivePicturesTests.swift in Sources */,
			);
			runOnlyForDeploymentPostprocessing = 0;
		};
/* End PBXSourcesBuildPhase section */

/* Begin PBXTargetDependency section */
		64A822681C8C318D00E1BA0F /* PBXTargetDependency */ = {
			isa = PBXTargetDependency;
			target = 64A8224E1C8C318D00E1BA0F /* ReactivePictures */;
			targetProxy = 64A822671C8C318D00E1BA0F /* PBXContainerItemProxy */;
		};
/* End PBXTargetDependency section */

/* Begin PBXVariantGroup section */
		64A822561C8C318D00E1BA0F /* Main.storyboard */ = {
			isa = PBXVariantGroup;
			children = (
				64A822571C8C318D00E1BA0F /* Base */,
			);
			name = Main.storyboard;
			sourceTree = "<group>";
		};
		64A8225E1C8C318D00E1BA0F /* LaunchScreen.storyboard */ = {
			isa = PBXVariantGroup;
			children = (
				64A8225F1C8C318D00E1BA0F /* Base */,
			);
			name = LaunchScreen.storyboard;
			sourceTree = "<group>";
		};
/* End PBXVariantGroup section */

/* Begin XCBuildConfiguration section */
		64A8226D1C8C318D00E1BA0F /* Debug */ = {
			isa = XCBuildConfiguration;
			buildSettings = {
				ALWAYS_SEARCH_USER_PATHS = NO;
				CLANG_CXX_LANGUAGE_STANDARD = "gnu++0x";
				CLANG_CXX_LIBRARY = "libc++";
				CLANG_ENABLE_MODULES = YES;
				CLANG_ENABLE_OBJC_ARC = YES;
				CLANG_WARN_BOOL_CONVERSION = YES;
				CLANG_WARN_CONSTANT_CONVERSION = YES;
				CLANG_WARN_DIRECT_OBJC_ISA_USAGE = YES_ERROR;
				CLANG_WARN_EMPTY_BODY = YES;
				CLANG_WARN_ENUM_CONVERSION = YES;
				CLANG_WARN_INT_CONVERSION = YES;
				CLANG_WARN_OBJC_ROOT_CLASS = YES_ERROR;
				CLANG_WARN_UNREACHABLE_CODE = YES;
				CLANG_WARN__DUPLICATE_METHOD_MATCH = YES;
				"CODE_SIGN_IDENTITY[sdk=iphoneos*]" = "iPhone Developer";
				COPY_PHASE_STRIP = NO;
				DEBUG_INFORMATION_FORMAT = dwarf;
				ENABLE_STRICT_OBJC_MSGSEND = YES;
				ENABLE_TESTABILITY = YES;
				GCC_C_LANGUAGE_STANDARD = gnu99;
				GCC_DYNAMIC_NO_PIC = NO;
				GCC_NO_COMMON_BLOCKS = YES;
				GCC_OPTIMIZATION_LEVEL = 0;
				GCC_PREPROCESSOR_DEFINITIONS = (
					"DEBUG=1",
					"$(inherited)",
				);
				GCC_WARN_64_TO_32_BIT_CONVERSION = YES;
				GCC_WARN_ABOUT_RETURN_TYPE = YES_ERROR;
				GCC_WARN_UNDECLARED_SELECTOR = YES;
				GCC_WARN_UNINITIALIZED_AUTOS = YES_AGGRESSIVE;
				GCC_WARN_UNUSED_FUNCTION = YES;
				GCC_WARN_UNUSED_VARIABLE = YES;
				IPHONEOS_DEPLOYMENT_TARGET = 9.2;
				MTL_ENABLE_DEBUG_INFO = YES;
				ONLY_ACTIVE_ARCH = YES;
				SDKROOT = iphoneos;
				SWIFT_OPTIMIZATION_LEVEL = "-Onone";
			};
			name = Debug;
		};
		64A8226E1C8C318D00E1BA0F /* Release */ = {
			isa = XCBuildConfiguration;
			buildSettings = {
				ALWAYS_SEARCH_USER_PATHS = NO;
				CLANG_CXX_LANGUAGE_STANDARD = "gnu++0x";
				CLANG_CXX_LIBRARY = "libc++";
				CLANG_ENABLE_MODULES = YES;
				CLANG_ENABLE_OBJC_ARC = YES;
				CLANG_WARN_BOOL_CONVERSION = YES;
				CLANG_WARN_CONSTANT_CONVERSION = YES;
				CLANG_WARN_DIRECT_OBJC_ISA_USAGE = YES_ERROR;
				CLANG_WARN_EMPTY_BODY = YES;
				CLANG_WARN_ENUM_CONVERSION = YES;
				CLANG_WARN_INT_CONVERSION = YES;
				CLANG_WARN_OBJC_ROOT_CLASS = YES_ERROR;
				CLANG_WARN_UNREACHABLE_CODE = YES;
				CLANG_WARN__DUPLICATE_METHOD_MATCH = YES;
				"CODE_SIGN_IDENTITY[sdk=iphoneos*]" = "iPhone Developer";
				COPY_PHASE_STRIP = NO;
				DEBUG_INFORMATION_FORMAT = "dwarf-with-dsym";
				ENABLE_NS_ASSERTIONS = NO;
				ENABLE_STRICT_OBJC_MSGSEND = YES;
				GCC_C_LANGUAGE_STANDARD = gnu99;
				GCC_NO_COMMON_BLOCKS = YES;
				GCC_WARN_64_TO_32_BIT_CONVERSION = YES;
				GCC_WARN_ABOUT_RETURN_TYPE = YES_ERROR;
				GCC_WARN_UNDECLARED_SELECTOR = YES;
				GCC_WARN_UNINITIALIZED_AUTOS = YES_AGGRESSIVE;
				GCC_WARN_UNUSED_FUNCTION = YES;
				GCC_WARN_UNUSED_VARIABLE = YES;
				IPHONEOS_DEPLOYMENT_TARGET = 9.2;
				MTL_ENABLE_DEBUG_INFO = NO;
				SDKROOT = iphoneos;
				VALIDATE_PRODUCT = YES;
			};
			name = Release;
		};
		64A822701C8C318D00E1BA0F /* Debug */ = {
			isa = XCBuildConfiguration;
			baseConfigurationReference = FB563EE051234E8757E8926F /* Pods-ReactivePictures.debug.xcconfig */;
			buildSettings = {
				ASSETCATALOG_COMPILER_APPICON_NAME = AppIcon;
				INFOPLIST_FILE = ReactivePictures/Info.plist;
				LD_RUNPATH_SEARCH_PATHS = "$(inherited) @executable_path/Frameworks";
				PRODUCT_BUNDLE_IDENTIFIER = complexityclass.ReactivePictures;
				PRODUCT_NAME = "$(TARGET_NAME)";
			};
			name = Debug;
		};
		64A822711C8C318D00E1BA0F /* Release */ = {
			isa = XCBuildConfiguration;
			baseConfigurationReference = CCB0749EA5BD326CF8A8A4B8 /* Pods-ReactivePictures.release.xcconfig */;
			buildSettings = {
				ASSETCATALOG_COMPILER_APPICON_NAME = AppIcon;
				INFOPLIST_FILE = ReactivePictures/Info.plist;
				LD_RUNPATH_SEARCH_PATHS = "$(inherited) @executable_path/Frameworks";
				PRODUCT_BUNDLE_IDENTIFIER = complexityclass.ReactivePictures;
				PRODUCT_NAME = "$(TARGET_NAME)";
			};
			name = Release;
		};
		64A822731C8C318D00E1BA0F /* Debug */ = {
			isa = XCBuildConfiguration;
			buildSettings = {
				BUNDLE_LOADER = "$(TEST_HOST)";
				INFOPLIST_FILE = ReactivePicturesTests/Info.plist;
				LD_RUNPATH_SEARCH_PATHS = "$(inherited) @executable_path/Frameworks @loader_path/Frameworks";
				PRODUCT_BUNDLE_IDENTIFIER = complexityclass.ReactivePicturesTests;
				PRODUCT_NAME = "$(TARGET_NAME)";
				TEST_HOST = "$(BUILT_PRODUCTS_DIR)/ReactivePictures.app/ReactivePictures";
			};
			name = Debug;
		};
		64A822741C8C318D00E1BA0F /* Release */ = {
			isa = XCBuildConfiguration;
			buildSettings = {
				BUNDLE_LOADER = "$(TEST_HOST)";
				INFOPLIST_FILE = ReactivePicturesTests/Info.plist;
				LD_RUNPATH_SEARCH_PATHS = "$(inherited) @executable_path/Frameworks @loader_path/Frameworks";
				PRODUCT_BUNDLE_IDENTIFIER = complexityclass.ReactivePicturesTests;
				PRODUCT_NAME = "$(TARGET_NAME)";
				TEST_HOST = "$(BUILT_PRODUCTS_DIR)/ReactivePictures.app/ReactivePictures";
			};
			name = Release;
		};
/* End XCBuildConfiguration section */

/* Begin XCConfigurationList section */
		64A8224A1C8C318D00E1BA0F /* Build configuration list for PBXProject "ReactivePictures" */ = {
			isa = XCConfigurationList;
			buildConfigurations = (
				64A8226D1C8C318D00E1BA0F /* Debug */,
				64A8226E1C8C318D00E1BA0F /* Release */,
			);
			defaultConfigurationIsVisible = 0;
			defaultConfigurationName = Release;
		};
		64A8226F1C8C318D00E1BA0F /* Build configuration list for PBXNativeTarget "ReactivePictures" */ = {
			isa = XCConfigurationList;
			buildConfigurations = (
				64A822701C8C318D00E1BA0F /* Debug */,
				64A822711C8C318D00E1BA0F /* Release */,
			);
			defaultConfigurationIsVisible = 0;
			defaultConfigurationName = Release;
		};
		64A822721C8C318D00E1BA0F /* Build configuration list for PBXNativeTarget "ReactivePicturesTests" */ = {
			isa = XCConfigurationList;
			buildConfigurations = (
				64A822731C8C318D00E1BA0F /* Debug */,
				64A822741C8C318D00E1BA0F /* Release */,
			);
			defaultConfigurationIsVisible = 0;
			defaultConfigurationName = Release;
		};
/* End XCConfigurationList section */

/* Begin XCVersionGroup section */
		64A822591C8C318D00E1BA0F /* ReactivePictures.xcdatamodeld */ = {
			isa = XCVersionGroup;
			children = (
				64A8225A1C8C318D00E1BA0F /* ReactivePictures.xcdatamodel */,
			);
			currentVersion = 64A8225A1C8C318D00E1BA0F /* ReactivePictures.xcdatamodel */;
			path = ReactivePictures.xcdatamodeld;
			sourceTree = "<group>";
			versionGroupType = wrapper.xcdatamodel;
		};
/* End XCVersionGroup section */
	};
	rootObject = 64A822471C8C318D00E1BA0F /* Project object */;
}
